// !$*UTF8*$!
{
	archiveVersion = 1;
	classes = {
	};
	objectVersion = 56;
	objects = {

/* Begin PBXBuildFile section */
		7E11C9BC29E2EA9E005569AD /* SnapKit in Frameworks */ = {isa = PBXBuildFile; productRef = 7E11C9BB29E2EA9E005569AD /* SnapKit */; };
		7E19666F29D5A14B0043DCEF /* ProgressHUD in Frameworks */ = {isa = PBXBuildFile; productRef = 7E19666E29D5A14B0043DCEF /* ProgressHUD */; };
		7E1B718629B381A700E1A3CE /* ProfileViewController.swift in Sources */ = {isa = PBXBuildFile; fileRef = 7E1B718029B381A700E1A3CE /* ProfileViewController.swift */; };
		7E1B718729B381A700E1A3CE /* SF-Pro-Text-Regular.otf in Resources */ = {isa = PBXBuildFile; fileRef = 7E1B718229B381A700E1A3CE /* SF-Pro-Text-Regular.otf */; };
		7E1B718829B381A700E1A3CE /* SF-Pro-Text-Bold.otf in Resources */ = {isa = PBXBuildFile; fileRef = 7E1B718329B381A700E1A3CE /* SF-Pro-Text-Bold.otf */; };
		7E1B718929B381A700E1A3CE /* SingleImageViewController.swift in Sources */ = {isa = PBXBuildFile; fileRef = 7E1B718529B381A700E1A3CE /* SingleImageViewController.swift */; };
		7E1ED2B829D6CB21000E9BBC /* ProfileService.swift in Sources */ = {isa = PBXBuildFile; fileRef = 7E1ED2B729D6CB21000E9BBC /* ProfileService.swift */; };
		7E1ED2BA29D6CB4D000E9BBC /* ProfileResult.swift in Sources */ = {isa = PBXBuildFile; fileRef = 7E1ED2B929D6CB4D000E9BBC /* ProfileResult.swift */; };
		7E1ED2BC29D6CD46000E9BBC /* Profile.swift in Sources */ = {isa = PBXBuildFile; fileRef = 7E1ED2BB29D6CD46000E9BBC /* Profile.swift */; };
		7E364DAB29C30C0E00CF6C35 /* Resourses.swift in Sources */ = {isa = PBXBuildFile; fileRef = 7E364DAA29C30C0E00CF6C35 /* Resourses.swift */; };
		7E364DAD29C3217F00CF6C35 /* Constants and Parameters.swift in Sources */ = {isa = PBXBuildFile; fileRef = 7E364DAC29C3217F00CF6C35 /* Constants and Parameters.swift */; };
		7E364DAF29C33F1D00CF6C35 /* AuthViewController.swift in Sources */ = {isa = PBXBuildFile; fileRef = 7E364DAE29C33F1D00CF6C35 /* AuthViewController.swift */; };
		7E364DB229C3429900CF6C35 /* WebViewViewController.swift in Sources */ = {isa = PBXBuildFile; fileRef = 7E364DB129C3429900CF6C35 /* WebViewViewController.swift */; };
		7E4C2C61299F65E500D625EB /* ImageListCell.swift in Sources */ = {isa = PBXBuildFile; fileRef = 7E4C2C60299F65E500D625EB /* ImageListCell.swift */; };
		7E54289A29C7686400587337 /* OAuth2TokenStorage.swift in Sources */ = {isa = PBXBuildFile; fileRef = 7E54289929C7686400587337 /* OAuth2TokenStorage.swift */; };
		7E6AD9ED299E3086009CA978 /* AppDelegate.swift in Sources */ = {isa = PBXBuildFile; fileRef = 7E6AD9EC299E3086009CA978 /* AppDelegate.swift */; };
		7E6AD9EF299E3086009CA978 /* SceneDelegate.swift in Sources */ = {isa = PBXBuildFile; fileRef = 7E6AD9EE299E3086009CA978 /* SceneDelegate.swift */; };
		7E6AD9F1299E3086009CA978 /* ImageListViewController.swift in Sources */ = {isa = PBXBuildFile; fileRef = 7E6AD9F0299E3086009CA978 /* ImageListViewController.swift */; };
		7E6AD9F6299E3088009CA978 /* Assets.xcassets in Resources */ = {isa = PBXBuildFile; fileRef = 7E6AD9F5299E3088009CA978 /* Assets.xcassets */; };
		7E6AD9F9299E3088009CA978 /* LaunchScreen.storyboard in Resources */ = {isa = PBXBuildFile; fileRef = 7E6AD9F7299E3088009CA978 /* LaunchScreen.storyboard */; };
		7E93FCF329C37F3C008EF926 /* WebViewViewControllerDelegate.swift in Sources */ = {isa = PBXBuildFile; fileRef = 7E93FCF229C37F3C008EF926 /* WebViewViewControllerDelegate.swift */; };
		7EC131B229A358B500E78583 /* Colors + Extension .swift in Sources */ = {isa = PBXBuildFile; fileRef = 7EC131B129A358B500E78583 /* Colors + Extension .swift */; };
		7EC131B429A358C500E78583 /* Date + Extension.swift in Sources */ = {isa = PBXBuildFile; fileRef = 7EC131B329A358C500E78583 /* Date + Extension.swift */; };
		7ED9CF4129DDBC3200A27654 /* Kingfisher in Frameworks */ = {isa = PBXBuildFile; productRef = 7ED9CF4029DDBC3200A27654 /* Kingfisher */; };
		7ED9CF4429DDD11000A27654 /* SwiftKeychainWrapper in Frameworks */ = {isa = PBXBuildFile; productRef = 7ED9CF4329DDD11000A27654 /* SwiftKeychainWrapper */; };
		7EDC932F29C5D59E0096E041 /* OAuthTokenResponseBody.swift in Sources */ = {isa = PBXBuildFile; fileRef = 7EDC932E29C5D59E0096E041 /* OAuthTokenResponseBody.swift */; };
		7EDC933129C5E3FE0096E041 /* OAuth2Service.swift in Sources */ = {isa = PBXBuildFile; fileRef = 7EDC933029C5E3FE0096E041 /* OAuth2Service.swift */; };
		7EDC933329C5E4D00096E041 /* OAuth2ServiceProtocol.swift in Sources */ = {isa = PBXBuildFile; fileRef = 7EDC933229C5E4D00096E041 /* OAuth2ServiceProtocol.swift */; };
		7EDE6D7D29C8508D00A56F9D /* SplashViewController.swift in Sources */ = {isa = PBXBuildFile; fileRef = 7EDE6D7C29C8508D00A56F9D /* SplashViewController.swift */; };
		7EDE6D7F29C8606500A56F9D /* AuthViewControllerDelegate.swift in Sources */ = {isa = PBXBuildFile; fileRef = 7EDE6D7E29C8606500A56F9D /* AuthViewControllerDelegate.swift */; };
		7EE1B2AC29DB4E7600478B0E /* ProfileImageService.swift in Sources */ = {isa = PBXBuildFile; fileRef = 7EE1B2AB29DB4E7600478B0E /* ProfileImageService.swift */; };
		7EE1B2AE29DB4F5800478B0E /* UserResult .swift in Sources */ = {isa = PBXBuildFile; fileRef = 7EE1B2AD29DB4F5800478B0E /* UserResult .swift */; };
		7EE228A829D6B079006B6175 /* URLRequest + Extension.swift in Sources */ = {isa = PBXBuildFile; fileRef = 7EE228A729D6B079006B6175 /* URLRequest + Extension.swift */; };
		7EE228AA29D6B2C0006B6175 /* URLSession + Extension.swift in Sources */ = {isa = PBXBuildFile; fileRef = 7EE228A929D6B2C0006B6175 /* URLSession + Extension.swift */; };
		7EE228AD29D6C02A006B6175 /* UIBlockingProgressHUD.swift in Sources */ = {isa = PBXBuildFile; fileRef = 7EE228AC29D6C02A006B6175 /* UIBlockingProgressHUD.swift */; };
		7EE4ED6329C98C16008BF701 /* ProcessingErrors.swift in Sources */ = {isa = PBXBuildFile; fileRef = 7EE4ED6229C98C16008BF701 /* ProcessingErrors.swift */; };
		7EF191BE29DEC6E400A0DE25 /* TabBarController.swift in Sources */ = {isa = PBXBuildFile; fileRef = 7EF191BD29DEC6E400A0DE25 /* TabBarController.swift */; };
/* End PBXBuildFile section */

/* Begin PBXFileReference section */
		7E1B718029B381A700E1A3CE /* ProfileViewController.swift */ = {isa = PBXFileReference; fileEncoding = 4; lastKnownFileType = sourcecode.swift; path = ProfileViewController.swift; sourceTree = "<group>"; };
		7E1B718229B381A700E1A3CE /* SF-Pro-Text-Regular.otf */ = {isa = PBXFileReference; lastKnownFileType = file; path = "SF-Pro-Text-Regular.otf"; sourceTree = "<group>"; };
		7E1B718329B381A700E1A3CE /* SF-Pro-Text-Bold.otf */ = {isa = PBXFileReference; lastKnownFileType = file; path = "SF-Pro-Text-Bold.otf"; sourceTree = "<group>"; };
		7E1B718529B381A700E1A3CE /* SingleImageViewController.swift */ = {isa = PBXFileReference; fileEncoding = 4; lastKnownFileType = sourcecode.swift; path = SingleImageViewController.swift; sourceTree = "<group>"; };
		7E1ED2B729D6CB21000E9BBC /* ProfileService.swift */ = {isa = PBXFileReference; lastKnownFileType = sourcecode.swift; path = ProfileService.swift; sourceTree = "<group>"; };
		7E1ED2B929D6CB4D000E9BBC /* ProfileResult.swift */ = {isa = PBXFileReference; lastKnownFileType = sourcecode.swift; path = ProfileResult.swift; sourceTree = "<group>"; };
		7E1ED2BB29D6CD46000E9BBC /* Profile.swift */ = {isa = PBXFileReference; lastKnownFileType = sourcecode.swift; path = Profile.swift; sourceTree = "<group>"; };
		7E364DAA29C30C0E00CF6C35 /* Resourses.swift */ = {isa = PBXFileReference; lastKnownFileType = sourcecode.swift; path = Resourses.swift; sourceTree = "<group>"; };
		7E364DAC29C3217F00CF6C35 /* Constants and Parameters.swift */ = {isa = PBXFileReference; lastKnownFileType = sourcecode.swift; path = "Constants and Parameters.swift"; sourceTree = "<group>"; };
		7E364DAE29C33F1D00CF6C35 /* AuthViewController.swift */ = {isa = PBXFileReference; lastKnownFileType = sourcecode.swift; path = AuthViewController.swift; sourceTree = "<group>"; };
		7E364DB129C3429900CF6C35 /* WebViewViewController.swift */ = {isa = PBXFileReference; lastKnownFileType = sourcecode.swift; path = WebViewViewController.swift; sourceTree = "<group>"; };
		7E4C2C60299F65E500D625EB /* ImageListCell.swift */ = {isa = PBXFileReference; lastKnownFileType = sourcecode.swift; path = ImageListCell.swift; sourceTree = "<group>"; };
		7E54289929C7686400587337 /* OAuth2TokenStorage.swift */ = {isa = PBXFileReference; lastKnownFileType = sourcecode.swift; path = OAuth2TokenStorage.swift; sourceTree = "<group>"; };
		7E6AD9E9299E3086009CA978 /* ImageFeed.app */ = {isa = PBXFileReference; explicitFileType = wrapper.application; includeInIndex = 0; path = ImageFeed.app; sourceTree = BUILT_PRODUCTS_DIR; };
		7E6AD9EC299E3086009CA978 /* AppDelegate.swift */ = {isa = PBXFileReference; lastKnownFileType = sourcecode.swift; path = AppDelegate.swift; sourceTree = "<group>"; };
		7E6AD9EE299E3086009CA978 /* SceneDelegate.swift */ = {isa = PBXFileReference; lastKnownFileType = sourcecode.swift; path = SceneDelegate.swift; sourceTree = "<group>"; };
		7E6AD9F0299E3086009CA978 /* ImageListViewController.swift */ = {isa = PBXFileReference; lastKnownFileType = sourcecode.swift; path = ImageListViewController.swift; sourceTree = "<group>"; };
		7E6AD9F5299E3088009CA978 /* Assets.xcassets */ = {isa = PBXFileReference; lastKnownFileType = folder.assetcatalog; path = Assets.xcassets; sourceTree = "<group>"; };
		7E6AD9F8299E3088009CA978 /* Base */ = {isa = PBXFileReference; lastKnownFileType = file.storyboard; name = Base; path = Base.lproj/LaunchScreen.storyboard; sourceTree = "<group>"; };
		7E6AD9FA299E3088009CA978 /* Info.plist */ = {isa = PBXFileReference; lastKnownFileType = text.plist.xml; path = Info.plist; sourceTree = "<group>"; };
		7E93FCF229C37F3C008EF926 /* WebViewViewControllerDelegate.swift */ = {isa = PBXFileReference; lastKnownFileType = sourcecode.swift; path = WebViewViewControllerDelegate.swift; sourceTree = "<group>"; };
		7EC131B129A358B500E78583 /* Colors + Extension .swift */ = {isa = PBXFileReference; lastKnownFileType = sourcecode.swift; path = "Colors + Extension .swift"; sourceTree = "<group>"; };
		7EC131B329A358C500E78583 /* Date + Extension.swift */ = {isa = PBXFileReference; lastKnownFileType = sourcecode.swift; path = "Date + Extension.swift"; sourceTree = "<group>"; };
		7EDC932E29C5D59E0096E041 /* OAuthTokenResponseBody.swift */ = {isa = PBXFileReference; lastKnownFileType = sourcecode.swift; path = OAuthTokenResponseBody.swift; sourceTree = "<group>"; };
		7EDC933029C5E3FE0096E041 /* OAuth2Service.swift */ = {isa = PBXFileReference; lastKnownFileType = sourcecode.swift; path = OAuth2Service.swift; sourceTree = "<group>"; };
		7EDC933229C5E4D00096E041 /* OAuth2ServiceProtocol.swift */ = {isa = PBXFileReference; lastKnownFileType = sourcecode.swift; path = OAuth2ServiceProtocol.swift; sourceTree = "<group>"; };
		7EDE6D7C29C8508D00A56F9D /* SplashViewController.swift */ = {isa = PBXFileReference; lastKnownFileType = sourcecode.swift; path = SplashViewController.swift; sourceTree = "<group>"; };
		7EDE6D7E29C8606500A56F9D /* AuthViewControllerDelegate.swift */ = {isa = PBXFileReference; lastKnownFileType = sourcecode.swift; path = AuthViewControllerDelegate.swift; sourceTree = "<group>"; };
		7EE1B2AB29DB4E7600478B0E /* ProfileImageService.swift */ = {isa = PBXFileReference; lastKnownFileType = sourcecode.swift; path = ProfileImageService.swift; sourceTree = "<group>"; };
		7EE1B2AD29DB4F5800478B0E /* UserResult .swift */ = {isa = PBXFileReference; lastKnownFileType = sourcecode.swift; path = "UserResult .swift"; sourceTree = "<group>"; };
		7EE228A729D6B079006B6175 /* URLRequest + Extension.swift */ = {isa = PBXFileReference; lastKnownFileType = sourcecode.swift; path = "URLRequest + Extension.swift"; sourceTree = "<group>"; };
		7EE228A929D6B2C0006B6175 /* URLSession + Extension.swift */ = {isa = PBXFileReference; lastKnownFileType = sourcecode.swift; path = "URLSession + Extension.swift"; sourceTree = "<group>"; };
		7EE228AC29D6C02A006B6175 /* UIBlockingProgressHUD.swift */ = {isa = PBXFileReference; lastKnownFileType = sourcecode.swift; path = UIBlockingProgressHUD.swift; sourceTree = "<group>"; };
		7EE4ED6229C98C16008BF701 /* ProcessingErrors.swift */ = {isa = PBXFileReference; lastKnownFileType = sourcecode.swift; path = ProcessingErrors.swift; sourceTree = "<group>"; };
		7EF191BD29DEC6E400A0DE25 /* TabBarController.swift */ = {isa = PBXFileReference; lastKnownFileType = sourcecode.swift; path = TabBarController.swift; sourceTree = "<group>"; };
/* End PBXFileReference section */

/* Begin PBXFrameworksBuildPhase section */
		7E6AD9E6299E3086009CA978 /* Frameworks */ = {
			isa = PBXFrameworksBuildPhase;
			buildActionMask = 2147483647;
			files = (
				7ED9CF4129DDBC3200A27654 /* Kingfisher in Frameworks */,
				7E11C9BC29E2EA9E005569AD /* SnapKit in Frameworks */,
				7E19666F29D5A14B0043DCEF /* ProgressHUD in Frameworks */,
				7ED9CF4429DDD11000A27654 /* SwiftKeychainWrapper in Frameworks */,
			);
			runOnlyForDeploymentPostprocessing = 0;
		};
/* End PBXFrameworksBuildPhase section */

/* Begin PBXGroup section */
		7E1B718129B381A700E1A3CE /* Resources  */ = {
			isa = PBXGroup;
			children = (
				7EE228AB29D6BED3006B6175 /* Extensions */,
				7E364DAC29C3217F00CF6C35 /* Constants and Parameters.swift */,
				7E364DAA29C30C0E00CF6C35 /* Resourses.swift */,
				7E1B718229B381A700E1A3CE /* SF-Pro-Text-Regular.otf */,
				7E1B718329B381A700E1A3CE /* SF-Pro-Text-Bold.otf */,
			);
			path = "Resources ";
			sourceTree = "<group>";
		};
		7E364DB029C3426800CF6C35 /* Auth */ = {
			isa = PBXGroup;
			children = (
				7E364DAE29C33F1D00CF6C35 /* AuthViewController.swift */,
				7EDE6D7C29C8508D00A56F9D /* SplashViewController.swift */,
				7E364DB129C3429900CF6C35 /* WebViewViewController.swift */,
			);
			path = Auth;
			sourceTree = "<group>";
		};
		7E4C2C62299F662600D625EB /* ImagesList */ = {
			isa = PBXGroup;
			children = (
				7E4C2C60299F65E500D625EB /* ImageListCell.swift */,
				7E6AD9F0299E3086009CA978 /* ImageListViewController.swift */,
			);
			path = ImagesList;
			sourceTree = "<group>";
		};
		7E6AD9E0299E3086009CA978 = {
			isa = PBXGroup;
			children = (
				7E6AD9EB299E3086009CA978 /* ImageFeed */,
				7E6AD9EA299E3086009CA978 /* Products */,
			);
			sourceTree = "<group>";
		};
		7E6AD9EA299E3086009CA978 /* Products */ = {
			isa = PBXGroup;
			children = (
				7E6AD9E9299E3086009CA978 /* ImageFeed.app */,
			);
			name = Products;
			sourceTree = "<group>";
		};
		7E6AD9EB299E3086009CA978 /* ImageFeed */ = {
			isa = PBXGroup;
			children = (
				7EDC932829C5C9D10096E041 /* Models */,
				7E93FCF129C37F25008EF926 /* Services */,
				7EDC932929C5C9FE0096E041 /* ViewControllers */,
				7E6AD9F5299E3088009CA978 /* Assets.xcassets */,
				7E6AD9F7299E3088009CA978 /* LaunchScreen.storyboard */,
				7EC131B029A3588900E78583 /* Helpers */,
				7E6AD9FA299E3088009CA978 /* Info.plist */,
				7E6AD9EC299E3086009CA978 /* AppDelegate.swift */,
				7E6AD9EE299E3086009CA978 /* SceneDelegate.swift */,
			);
			path = ImageFeed;
			sourceTree = "<group>";
		};
		7E93FCF129C37F25008EF926 /* Services */ = {
			isa = PBXGroup;
			children = (
				7EDC933029C5E3FE0096E041 /* OAuth2Service.swift */,
				7E54289929C7686400587337 /* OAuth2TokenStorage.swift */,
				7E1ED2B729D6CB21000E9BBC /* ProfileService.swift */,
				7EE4ED6229C98C16008BF701 /* ProcessingErrors.swift */,
				7EE1B2AB29DB4E7600478B0E /* ProfileImageService.swift */,
				7EE228AC29D6C02A006B6175 /* UIBlockingProgressHUD.swift */,
				7EE4ED6029C98BCE008BF701 /* Protocols */,
				7EE4ED6129C98BD6008BF701 /* Delegates */,
			);
			path = Services;
			sourceTree = "<group>";
		};
		7EC131B029A3588900E78583 /* Helpers */ = {
			isa = PBXGroup;
			children = (
				7E1B718129B381A700E1A3CE /* Resources  */,
			);
			path = Helpers;
			sourceTree = "<group>";
		};
		7EDC932829C5C9D10096E041 /* Models */ = {
			isa = PBXGroup;
			children = (
				7EDC932E29C5D59E0096E041 /* OAuthTokenResponseBody.swift */,
				7E1ED2B929D6CB4D000E9BBC /* ProfileResult.swift */,
				7E1ED2BB29D6CD46000E9BBC /* Profile.swift */,
				7EE1B2AD29DB4F5800478B0E /* UserResult .swift */,
			);
			path = Models;
			sourceTree = "<group>";
		};
		7EDC932929C5C9FE0096E041 /* ViewControllers */ = {
			isa = PBXGroup;
			children = (
				7E1B718029B381A700E1A3CE /* ProfileViewController.swift */,
				7E1B718529B381A700E1A3CE /* SingleImageViewController.swift */,
				7E364DB029C3426800CF6C35 /* Auth */,
				7E4C2C62299F662600D625EB /* ImagesList */,
				7EF191BD29DEC6E400A0DE25 /* TabBarController.swift */,
			);
			path = ViewControllers;
			sourceTree = "<group>";
		};
		7EE228AB29D6BED3006B6175 /* Extensions */ = {
			isa = PBXGroup;
			children = (
				7EC131B129A358B500E78583 /* Colors + Extension .swift */,
				7EC131B329A358C500E78583 /* Date + Extension.swift */,
				7EE228A929D6B2C0006B6175 /* URLSession + Extension.swift */,
				7EE228A729D6B079006B6175 /* URLRequest + Extension.swift */,
			);
			path = Extensions;
			sourceTree = "<group>";
		};
		7EE4ED6029C98BCE008BF701 /* Protocols */ = {
			isa = PBXGroup;
			children = (
				7EDC933229C5E4D00096E041 /* OAuth2ServiceProtocol.swift */,
			);
			path = Protocols;
			sourceTree = "<group>";
		};
		7EE4ED6129C98BD6008BF701 /* Delegates */ = {
			isa = PBXGroup;
			children = (
				7E93FCF229C37F3C008EF926 /* WebViewViewControllerDelegate.swift */,
				7EDE6D7E29C8606500A56F9D /* AuthViewControllerDelegate.swift */,
			);
			path = Delegates;
			sourceTree = "<group>";
		};
/* End PBXGroup section */

/* Begin PBXNativeTarget section */
		7E6AD9E8299E3086009CA978 /* ImageFeed */ = {
			isa = PBXNativeTarget;
			buildConfigurationList = 7E6AD9FD299E3088009CA978 /* Build configuration list for PBXNativeTarget "ImageFeed" */;
			buildPhases = (
				7E6AD9E5299E3086009CA978 /* Sources */,
				7E6AD9E6299E3086009CA978 /* Frameworks */,
				7E6AD9E7299E3086009CA978 /* Resources */,
			);
			buildRules = (
			);
			dependencies = (
			);
			name = ImageFeed;
			packageProductDependencies = (
				7E19666E29D5A14B0043DCEF /* ProgressHUD */,
				7ED9CF4029DDBC3200A27654 /* Kingfisher */,
				7ED9CF4329DDD11000A27654 /* SwiftKeychainWrapper */,
				7E11C9BB29E2EA9E005569AD /* SnapKit */,
			);
			productName = ImageFeed;
			productReference = 7E6AD9E9299E3086009CA978 /* ImageFeed.app */;
			productType = "com.apple.product-type.application";
		};
/* End PBXNativeTarget section */

/* Begin PBXProject section */
		7E6AD9E1299E3086009CA978 /* Project object */ = {
			isa = PBXProject;
			attributes = {
				BuildIndependentTargetsInParallel = 1;
				LastSwiftUpdateCheck = 1410;
				LastUpgradeCheck = 1410;
				TargetAttributes = {
					7E6AD9E8299E3086009CA978 = {
						CreatedOnToolsVersion = 14.1;
					};
				};
			};
			buildConfigurationList = 7E6AD9E4299E3086009CA978 /* Build configuration list for PBXProject "ImageFeed" */;
			compatibilityVersion = "Xcode 14.0";
			developmentRegion = en;
			hasScannedForEncodings = 0;
			knownRegions = (
				en,
				Base,
			);
			mainGroup = 7E6AD9E0299E3086009CA978;
			packageReferences = (
				7E19666D29D5A14B0043DCEF /* XCRemoteSwiftPackageReference "ProgressHUD" */,
				7ED9CF3F29DDBC3100A27654 /* XCRemoteSwiftPackageReference "Kingfisher" */,
				7ED9CF4229DDD11000A27654 /* XCRemoteSwiftPackageReference "SwiftKeychainWrapper" */,
				7E11C9BA29E2EA9E005569AD /* XCRemoteSwiftPackageReference "SnapKit" */,
			);
			productRefGroup = 7E6AD9EA299E3086009CA978 /* Products */;
			projectDirPath = "";
			projectRoot = "";
			targets = (
				7E6AD9E8299E3086009CA978 /* ImageFeed */,
			);
		};
/* End PBXProject section */

/* Begin PBXResourcesBuildPhase section */
		7E6AD9E7299E3086009CA978 /* Resources */ = {
			isa = PBXResourcesBuildPhase;
			buildActionMask = 2147483647;
			files = (
				7E6AD9F9299E3088009CA978 /* LaunchScreen.storyboard in Resources */,
				7E1B718829B381A700E1A3CE /* SF-Pro-Text-Bold.otf in Resources */,
				7E6AD9F6299E3088009CA978 /* Assets.xcassets in Resources */,
				7E1B718729B381A700E1A3CE /* SF-Pro-Text-Regular.otf in Resources */,
			);
			runOnlyForDeploymentPostprocessing = 0;
		};
/* End PBXResourcesBuildPhase section */

/* Begin PBXSourcesBuildPhase section */
		7E6AD9E5299E3086009CA978 /* Sources */ = {
			isa = PBXSourcesBuildPhase;
			buildActionMask = 2147483647;
			files = (
				7E364DAF29C33F1D00CF6C35 /* AuthViewController.swift in Sources */,
				7E54289A29C7686400587337 /* OAuth2TokenStorage.swift in Sources */,
				7EE1B2AE29DB4F5800478B0E /* UserResult .swift in Sources */,
				7E6AD9F1299E3086009CA978 /* ImageListViewController.swift in Sources */,
				7E1ED2BC29D6CD46000E9BBC /* Profile.swift in Sources */,
				7EE4ED6329C98C16008BF701 /* ProcessingErrors.swift in Sources */,
				7EE228AD29D6C02A006B6175 /* UIBlockingProgressHUD.swift in Sources */,
				7EDE6D7D29C8508D00A56F9D /* SplashViewController.swift in Sources */,
				7EE228A829D6B079006B6175 /* URLRequest + Extension.swift in Sources */,
				7E4C2C61299F65E500D625EB /* ImageListCell.swift in Sources */,
				7E1ED2BA29D6CB4D000E9BBC /* ProfileResult.swift in Sources */,
				7E6AD9ED299E3086009CA978 /* AppDelegate.swift in Sources */,
				7EC131B229A358B500E78583 /* Colors + Extension .swift in Sources */,
				7EDC932F29C5D59E0096E041 /* OAuthTokenResponseBody.swift in Sources */,
				7E1B718629B381A700E1A3CE /* ProfileViewController.swift in Sources */,
				7E364DAD29C3217F00CF6C35 /* Constants and Parameters.swift in Sources */,
				7E6AD9EF299E3086009CA978 /* SceneDelegate.swift in Sources */,
				7EDC933129C5E3FE0096E041 /* OAuth2Service.swift in Sources */,
				7E93FCF329C37F3C008EF926 /* WebViewViewControllerDelegate.swift in Sources */,
				7EDC933329C5E4D00096E041 /* OAuth2ServiceProtocol.swift in Sources */,
				7E1ED2B829D6CB21000E9BBC /* ProfileService.swift in Sources */,
				7E364DAB29C30C0E00CF6C35 /* Resourses.swift in Sources */,
				7E1B718929B381A700E1A3CE /* SingleImageViewController.swift in Sources */,
				7EF191BE29DEC6E400A0DE25 /* TabBarController.swift in Sources */,
				7EE228AA29D6B2C0006B6175 /* URLSession + Extension.swift in Sources */,
				7EDE6D7F29C8606500A56F9D /* AuthViewControllerDelegate.swift in Sources */,
				7EE1B2AC29DB4E7600478B0E /* ProfileImageService.swift in Sources */,
				7E364DB229C3429900CF6C35 /* WebViewViewController.swift in Sources */,
				7EC131B429A358C500E78583 /* Date + Extension.swift in Sources */,
			);
			runOnlyForDeploymentPostprocessing = 0;
		};
/* End PBXSourcesBuildPhase section */

/* Begin PBXVariantGroup section */
		7E6AD9F7299E3088009CA978 /* LaunchScreen.storyboard */ = {
			isa = PBXVariantGroup;
			children = (
				7E6AD9F8299E3088009CA978 /* Base */,
			);
			name = LaunchScreen.storyboard;
			sourceTree = "<group>";
		};
/* End PBXVariantGroup section */

/* Begin XCBuildConfiguration section */
		7E6AD9FB299E3088009CA978 /* Debug */ = {
			isa = XCBuildConfiguration;
			buildSettings = {
				ALWAYS_SEARCH_USER_PATHS = NO;
				CLANG_ANALYZER_NONNULL = YES;
				CLANG_ANALYZER_NUMBER_OBJECT_CONVERSION = YES_AGGRESSIVE;
				CLANG_CXX_LANGUAGE_STANDARD = "gnu++20";
				CLANG_ENABLE_MODULES = YES;
				CLANG_ENABLE_OBJC_ARC = YES;
				CLANG_ENABLE_OBJC_WEAK = YES;
				CLANG_WARN_BLOCK_CAPTURE_AUTORELEASING = YES;
				CLANG_WARN_BOOL_CONVERSION = YES;
				CLANG_WARN_COMMA = YES;
				CLANG_WARN_CONSTANT_CONVERSION = YES;
				CLANG_WARN_DEPRECATED_OBJC_IMPLEMENTATIONS = YES;
				CLANG_WARN_DIRECT_OBJC_ISA_USAGE = YES_ERROR;
				CLANG_WARN_DOCUMENTATION_COMMENTS = YES;
				CLANG_WARN_EMPTY_BODY = YES;
				CLANG_WARN_ENUM_CONVERSION = YES;
				CLANG_WARN_INFINITE_RECURSION = YES;
				CLANG_WARN_INT_CONVERSION = YES;
				CLANG_WARN_NON_LITERAL_NULL_CONVERSION = YES;
				CLANG_WARN_OBJC_IMPLICIT_RETAIN_SELF = YES;
				CLANG_WARN_OBJC_LITERAL_CONVERSION = YES;
				CLANG_WARN_OBJC_ROOT_CLASS = YES_ERROR;
				CLANG_WARN_QUOTED_INCLUDE_IN_FRAMEWORK_HEADER = YES;
				CLANG_WARN_RANGE_LOOP_ANALYSIS = YES;
				CLANG_WARN_STRICT_PROTOTYPES = YES;
				CLANG_WARN_SUSPICIOUS_MOVE = YES;
				CLANG_WARN_UNGUARDED_AVAILABILITY = YES_AGGRESSIVE;
				CLANG_WARN_UNREACHABLE_CODE = YES;
				CLANG_WARN__DUPLICATE_METHOD_MATCH = YES;
				COPY_PHASE_STRIP = NO;
				DEBUG_INFORMATION_FORMAT = dwarf;
				ENABLE_STRICT_OBJC_MSGSEND = YES;
				ENABLE_TESTABILITY = YES;
				GCC_C_LANGUAGE_STANDARD = gnu11;
				GCC_DYNAMIC_NO_PIC = NO;
				GCC_NO_COMMON_BLOCKS = YES;
				GCC_OPTIMIZATION_LEVEL = 0;
				GCC_PREPROCESSOR_DEFINITIONS = (
					"DEBUG=1",
					"$(inherited)",
				);
				GCC_WARN_64_TO_32_BIT_CONVERSION = YES;
				GCC_WARN_ABOUT_RETURN_TYPE = YES_ERROR;
				GCC_WARN_UNDECLARED_SELECTOR = YES;
				GCC_WARN_UNINITIALIZED_AUTOS = YES_AGGRESSIVE;
				GCC_WARN_UNUSED_FUNCTION = YES;
				GCC_WARN_UNUSED_VARIABLE = YES;
				IPHONEOS_DEPLOYMENT_TARGET = 13.0;
				MTL_ENABLE_DEBUG_INFO = INCLUDE_SOURCE;
				MTL_FAST_MATH = YES;
				ONLY_ACTIVE_ARCH = YES;
				SDKROOT = iphoneos;
				SWIFT_ACTIVE_COMPILATION_CONDITIONS = DEBUG;
				SWIFT_OPTIMIZATION_LEVEL = "-Onone";
			};
			name = Debug;
		};
		7E6AD9FC299E3088009CA978 /* Release */ = {
			isa = XCBuildConfiguration;
			buildSettings = {
				ALWAYS_SEARCH_USER_PATHS = NO;
				CLANG_ANALYZER_NONNULL = YES;
				CLANG_ANALYZER_NUMBER_OBJECT_CONVERSION = YES_AGGRESSIVE;
				CLANG_CXX_LANGUAGE_STANDARD = "gnu++20";
				CLANG_ENABLE_MODULES = YES;
				CLANG_ENABLE_OBJC_ARC = YES;
				CLANG_ENABLE_OBJC_WEAK = YES;
				CLANG_WARN_BLOCK_CAPTURE_AUTORELEASING = YES;
				CLANG_WARN_BOOL_CONVERSION = YES;
				CLANG_WARN_COMMA = YES;
				CLANG_WARN_CONSTANT_CONVERSION = YES;
				CLANG_WARN_DEPRECATED_OBJC_IMPLEMENTATIONS = YES;
				CLANG_WARN_DIRECT_OBJC_ISA_USAGE = YES_ERROR;
				CLANG_WARN_DOCUMENTATION_COMMENTS = YES;
				CLANG_WARN_EMPTY_BODY = YES;
				CLANG_WARN_ENUM_CONVERSION = YES;
				CLANG_WARN_INFINITE_RECURSION = YES;
				CLANG_WARN_INT_CONVERSION = YES;
				CLANG_WARN_NON_LITERAL_NULL_CONVERSION = YES;
				CLANG_WARN_OBJC_IMPLICIT_RETAIN_SELF = YES;
				CLANG_WARN_OBJC_LITERAL_CONVERSION = YES;
				CLANG_WARN_OBJC_ROOT_CLASS = YES_ERROR;
				CLANG_WARN_QUOTED_INCLUDE_IN_FRAMEWORK_HEADER = YES;
				CLANG_WARN_RANGE_LOOP_ANALYSIS = YES;
				CLANG_WARN_STRICT_PROTOTYPES = YES;
				CLANG_WARN_SUSPICIOUS_MOVE = YES;
				CLANG_WARN_UNGUARDED_AVAILABILITY = YES_AGGRESSIVE;
				CLANG_WARN_UNREACHABLE_CODE = YES;
				CLANG_WARN__DUPLICATE_METHOD_MATCH = YES;
				COPY_PHASE_STRIP = NO;
				DEBUG_INFORMATION_FORMAT = "dwarf-with-dsym";
				ENABLE_NS_ASSERTIONS = NO;
				ENABLE_STRICT_OBJC_MSGSEND = YES;
				GCC_C_LANGUAGE_STANDARD = gnu11;
				GCC_NO_COMMON_BLOCKS = YES;
				GCC_WARN_64_TO_32_BIT_CONVERSION = YES;
				GCC_WARN_ABOUT_RETURN_TYPE = YES_ERROR;
				GCC_WARN_UNDECLARED_SELECTOR = YES;
				GCC_WARN_UNINITIALIZED_AUTOS = YES_AGGRESSIVE;
				GCC_WARN_UNUSED_FUNCTION = YES;
				GCC_WARN_UNUSED_VARIABLE = YES;
				IPHONEOS_DEPLOYMENT_TARGET = 13.0;
				MTL_ENABLE_DEBUG_INFO = NO;
				MTL_FAST_MATH = YES;
				SDKROOT = iphoneos;
				SWIFT_COMPILATION_MODE = wholemodule;
				SWIFT_OPTIMIZATION_LEVEL = "-O";
				VALIDATE_PRODUCT = YES;
			};
			name = Release;
		};
		7E6AD9FE299E3088009CA978 /* Debug */ = {
			isa = XCBuildConfiguration;
			buildSettings = {
				ASSETCATALOG_COMPILER_APPICON_NAME = AppIcon;
				ASSETCATALOG_COMPILER_GLOBAL_ACCENT_COLOR_NAME = AccentColor;
				CODE_SIGN_STYLE = Automatic;
				CURRENT_PROJECT_VERSION = 1;
				DEVELOPMENT_TEAM = V7HYWRF575;
				GENERATE_INFOPLIST_FILE = YES;
				INFOPLIST_FILE = ImageFeed/Info.plist;
				INFOPLIST_KEY_UIApplicationSupportsIndirectInputEvents = YES;
				INFOPLIST_KEY_UILaunchStoryboardName = LaunchScreen;
				INFOPLIST_KEY_UIStatusBarStyle = UIStatusBarStyleLightContent;
				INFOPLIST_KEY_UISupportedInterfaceOrientations = UIInterfaceOrientationPortrait;
				INFOPLIST_KEY_UISupportedInterfaceOrientations_iPad = "UIInterfaceOrientationLandscapeLeft UIInterfaceOrientationLandscapeRight UIInterfaceOrientationPortrait UIInterfaceOrientationPortraitUpsideDown";
				IPHONEOS_DEPLOYMENT_TARGET = 13.0;
				LD_RUNPATH_SEARCH_PATHS = (
					"$(inherited)",
					"@executable_path/Frameworks",
				);
				MARKETING_VERSION = 1.0;
				PRODUCT_BUNDLE_IDENTIFIER = ru.yandex.practicum.ImageFeed.esplusnin;
				PRODUCT_NAME = "$(TARGET_NAME)";
				SUPPORTED_PLATFORMS = "iphoneos iphonesimulator";
				SUPPORTS_MACCATALYST = NO;
				SUPPORTS_MAC_DESIGNED_FOR_IPHONE_IPAD = NO;
				SWIFT_EMIT_LOC_STRINGS = YES;
				SWIFT_VERSION = 5.0;
				TARGETED_DEVICE_FAMILY = 1;
			};
			name = Debug;
		};
		7E6AD9FF299E3088009CA978 /* Release */ = {
			isa = XCBuildConfiguration;
			buildSettings = {
				ASSETCATALOG_COMPILER_APPICON_NAME = AppIcon;
				ASSETCATALOG_COMPILER_GLOBAL_ACCENT_COLOR_NAME = AccentColor;
				CODE_SIGN_STYLE = Automatic;
				CURRENT_PROJECT_VERSION = 1;
				DEVELOPMENT_TEAM = V7HYWRF575;
				GENERATE_INFOPLIST_FILE = YES;
				INFOPLIST_FILE = ImageFeed/Info.plist;
				INFOPLIST_KEY_UIApplicationSupportsIndirectInputEvents = YES;
				INFOPLIST_KEY_UILaunchStoryboardName = LaunchScreen;
				INFOPLIST_KEY_UIStatusBarStyle = UIStatusBarStyleLightContent;
				INFOPLIST_KEY_UISupportedInterfaceOrientations = UIInterfaceOrientationPortrait;
				INFOPLIST_KEY_UISupportedInterfaceOrientations_iPad = "UIInterfaceOrientationLandscapeLeft UIInterfaceOrientationLandscapeRight UIInterfaceOrientationPortrait UIInterfaceOrientationPortraitUpsideDown";
				IPHONEOS_DEPLOYMENT_TARGET = 13.0;
				LD_RUNPATH_SEARCH_PATHS = (
					"$(inherited)",
					"@executable_path/Frameworks",
				);
				MARKETING_VERSION = 1.0;
				PRODUCT_BUNDLE_IDENTIFIER = ru.yandex.practicum.ImageFeed.esplusnin;
				PRODUCT_NAME = "$(TARGET_NAME)";
				SUPPORTED_PLATFORMS = "iphoneos iphonesimulator";
				SUPPORTS_MACCATALYST = NO;
				SUPPORTS_MAC_DESIGNED_FOR_IPHONE_IPAD = NO;
				SWIFT_EMIT_LOC_STRINGS = YES;
				SWIFT_VERSION = 5.0;
				TARGETED_DEVICE_FAMILY = 1;
			};
			name = Release;
		};
/* End XCBuildConfiguration section */

/* Begin XCConfigurationList section */
		7E6AD9E4299E3086009CA978 /* Build configuration list for PBXProject "ImageFeed" */ = {
			isa = XCConfigurationList;
			buildConfigurations = (
				7E6AD9FB299E3088009CA978 /* Debug */,
				7E6AD9FC299E3088009CA978 /* Release */,
			);
			defaultConfigurationIsVisible = 0;
			defaultConfigurationName = Release;
		};
		7E6AD9FD299E3088009CA978 /* Build configuration list for PBXNativeTarget "ImageFeed" */ = {
			isa = XCConfigurationList;
			buildConfigurations = (
				7E6AD9FE299E3088009CA978 /* Debug */,
				7E6AD9FF299E3088009CA978 /* Release */,
			);
			defaultConfigurationIsVisible = 0;
			defaultConfigurationName = Release;
		};
/* End XCConfigurationList section */

/* Begin XCRemoteSwiftPackageReference section */
		7E11C9BA29E2EA9E005569AD /* XCRemoteSwiftPackageReference "SnapKit" */ = {
			isa = XCRemoteSwiftPackageReference;
			repositoryURL = "https://github.com/SnapKit/SnapKit";
			requirement = {
				kind = upToNextMajorVersion;
				minimumVersion = 5.0.0;
			};
		};
		7E19666D29D5A14B0043DCEF /* XCRemoteSwiftPackageReference "ProgressHUD" */ = {
			isa = XCRemoteSwiftPackageReference;
			repositoryURL = "https://github.com/relatedcode/ProgressHUD";
			requirement = {
				kind = upToNextMajorVersion;
				minimumVersion = 13.0.0;
			};
		};
		7ED9CF3F29DDBC3100A27654 /* XCRemoteSwiftPackageReference "Kingfisher" */ = {
			isa = XCRemoteSwiftPackageReference;
			repositoryURL = "https://github.com/onevcat/Kingfisher.git";
			requirement = {
				kind = upToNextMajorVersion;
				minimumVersion = 7.0.0;
			};
		};
		7ED9CF4229DDD11000A27654 /* XCRemoteSwiftPackageReference "SwiftKeychainWrapper" */ = {
			isa = XCRemoteSwiftPackageReference;
			repositoryURL = "https://github.com/jrendel/SwiftKeychainWrapper";
			requirement = {
				kind = upToNextMajorVersion;
				minimumVersion = 4.0.0;
			};
		};
/* End XCRemoteSwiftPackageReference section */

/* Begin XCSwiftPackageProductDependency section */
		7E11C9BB29E2EA9E005569AD /* SnapKit */ = {
			isa = XCSwiftPackageProductDependency;
			package = 7E11C9BA29E2EA9E005569AD /* XCRemoteSwiftPackageReference "SnapKit" */;
			productName = SnapKit;
		};
		7E19666E29D5A14B0043DCEF /* ProgressHUD */ = {
			isa = XCSwiftPackageProductDependency;
			package = 7E19666D29D5A14B0043DCEF /* XCRemoteSwiftPackageReference "ProgressHUD" */;
			productName = ProgressHUD;
		};
		7ED9CF4029DDBC3200A27654 /* Kingfisher */ = {
			isa = XCSwiftPackageProductDependency;
			package = 7ED9CF3F29DDBC3100A27654 /* XCRemoteSwiftPackageReference "Kingfisher" */;
			productName = Kingfisher;
		};
		7ED9CF4329DDD11000A27654 /* SwiftKeychainWrapper */ = {
			isa = XCSwiftPackageProductDependency;
			package = 7ED9CF4229DDD11000A27654 /* XCRemoteSwiftPackageReference "SwiftKeychainWrapper" */;
			productName = SwiftKeychainWrapper;
		};
/* End XCSwiftPackageProductDependency section */
	};
	rootObject = 7E6AD9E1299E3086009CA978 /* Project object */;
}
